
Microsoft Visual Studio Solution File, Format Version 12.00
# Visual Studio 2012
Project("{2150E333-8FDC-42A3-9474-1A3956D46DE8}") = "Sloth.Framework", "Sloth.Framework", "{5E150EB3-B9EA-4BC8-BF44-4293F4A284F7}"
EndProject
Project("{FAE04EC0-301F-11D3-BF4B-00C04F79EFBC}") = "Sloth.Core", "Core\Sloth.Core.csproj", "{13FA2589-561C-4C0E-BC5B-921712B4DAAB}"
EndProject
Project("{FAE04EC0-301F-11D3-BF4B-00C04F79EFBC}") = "Sloth.Common", "Sloth.Common\Sloth.Common.csproj", "{939995C0-9E81-4EA2-BEFB-D631F7F63B00}"
EndProject
Project("{FAE04EC0-301F-11D3-BF4B-00C04F79EFBC}") = "Sloth.Service", "Sloth.Service\Sloth.Service.csproj", "{52B3E8A7-1441-4367-88E3-0A63E3396B46}"
EndProject
Project("{FAE04EC0-301F-11D3-BF4B-00C04F79EFBC}") = "LogService", "LogService\LogService.csproj", "{1CCE12C9-8060-48D1-BB52-0121605AC2E7}"
EndProject
Project("{2150E333-8FDC-42A3-9474-1A3956D46DE8}") = "Project1", "Project1", "{8D16ADB2-DC72-4F3C-9F09-9270DA8ACC39}"
EndProject
Project("{FAE04EC0-301F-11D3-BF4B-00C04F79EFBC}") = "P1.Model", "P1.Model\P1.Model.csproj", "{49A10C72-D2C2-4B44-9E38-2AD703FDA670}"
EndProject
Project("{FAE04EC0-301F-11D3-BF4B-00C04F79EFBC}") = "P1.DAL", "P1.DAL\P1.DAL.csproj", "{04D570BF-B06F-4680-A440-A297D5240737}"
EndProject
Project("{FAE04EC0-301F-11D3-BF4B-00C04F79EFBC}") = "P1.BLL", "P1.BLL\P1.BLL.csproj", "{F4592864-EC11-4E47-A464-D718EEFCB4F2}"
EndProject
Project("{FAE04EC0-301F-11D3-BF4B-00C04F79EFBC}") = "P1.Common", "P1.Common\P1.Common.csproj", "{2389358E-77C3-488C-9C01-4F3A55B2D668}"
EndProject
Project("{FAE04EC0-301F-11D3-BF4B-00C04F79EFBC}") = "P1.Portal", "P1.Portal\P1.Portal.csproj", "{4475F13A-0108-4E35-B595-9797ECC3636F}"
EndProject
Project("{FAE04EC0-301F-11D3-BF4B-00C04F79EFBC}") = "P1.IDAL", "IDAL\P1.IDAL.csproj", "{9EEE453E-DFBB-4C0D-A5A2-0CC9199072C2}"
EndProject
Project("{FAE04EC0-301F-11D3-BF4B-00C04F79EFBC}") = "P1.IBLL", "P1.IBLL\P1.IBLL.csproj", "{A72687A7-158B-4BA9-B747-E5039F76C591}"
EndProject
Global
	GlobalSection(SolutionConfigurationPlatforms) = preSolution
		Debug|Any CPU = Debug|Any CPU
		Release|Any CPU = Release|Any CPU
	EndGlobalSection
	GlobalSection(ProjectConfigurationPlatforms) = postSolution
		{13FA2589-561C-4C0E-BC5B-921712B4DAAB}.Debug|Any CPU.ActiveCfg = Debug|Any CPU
		{13FA2589-561C-4C0E-BC5B-921712B4DAAB}.Debug|Any CPU.Build.0 = Debug|Any CPU
		{13FA2589-561C-4C0E-BC5B-921712B4DAAB}.Release|Any CPU.ActiveCfg = Release|Any CPU
		{13FA2589-561C-4C0E-BC5B-921712B4DAAB}.Release|Any CPU.Build.0 = Release|Any CPU
		{939995C0-9E81-4EA2-BEFB-D631F7F63B00}.Debug|Any CPU.ActiveCfg = Debug|Any CPU
		{939995C0-9E81-4EA2-BEFB-D631F7F63B00}.Debug|Any CPU.Build.0 = Debug|Any CPU
		{939995C0-9E81-4EA2-BEFB-D631F7F63B00}.Release|Any CPU.ActiveCfg = Release|Any CPU
		{939995C0-9E81-4EA2-BEFB-D631F7F63B00}.Release|Any CPU.Build.0 = Release|Any CPU
		{52B3E8A7-1441-4367-88E3-0A63E3396B46}.Debug|Any CPU.ActiveCfg = Debug|Any CPU
		{52B3E8A7-1441-4367-88E3-0A63E3396B46}.Debug|Any CPU.Build.0 = Debug|Any CPU
		{52B3E8A7-1441-4367-88E3-0A63E3396B46}.Release|Any CPU.ActiveCfg = Release|Any CPU
		{52B3E8A7-1441-4367-88E3-0A63E3396B46}.Release|Any CPU.Build.0 = Release|Any CPU
		{1CCE12C9-8060-48D1-BB52-0121605AC2E7}.Debug|Any CPU.ActiveCfg = Debug|Any CPU
		{1CCE12C9-8060-48D1-BB52-0121605AC2E7}.Debug|Any CPU.Build.0 = Debug|Any CPU
		{1CCE12C9-8060-48D1-BB52-0121605AC2E7}.Release|Any CPU.ActiveCfg = Release|Any CPU
		{1CCE12C9-8060-48D1-BB52-0121605AC2E7}.Release|Any CPU.Build.0 = Release|Any CPU
		{49A10C72-D2C2-4B44-9E38-2AD703FDA670}.Debug|Any CPU.ActiveCfg = Debug|Any CPU
		{49A10C72-D2C2-4B44-9E38-2AD703FDA670}.Debug|Any CPU.Build.0 = Debug|Any CPU
		{49A10C72-D2C2-4B44-9E38-2AD703FDA670}.Release|Any CPU.ActiveCfg = Release|Any CPU
		{49A10C72-D2C2-4B44-9E38-2AD703FDA670}.Release|Any CPU.Build.0 = Release|Any CPU
		{04D570BF-B06F-4680-A440-A297D5240737}.Debug|Any CPU.ActiveCfg = Debug|Any CPU
		{04D570BF-B06F-4680-A440-A297D5240737}.Debug|Any CPU.Build.0 = Debug|Any CPU
		{04D570BF-B06F-4680-A440-A297D5240737}.Release|Any CPU.ActiveCfg = Release|Any CPU
		{04D570BF-B06F-4680-A440-A297D5240737}.Release|Any CPU.Build.0 = Release|Any CPU
		{F4592864-EC11-4E47-A464-D718EEFCB4F2}.Debug|Any CPU.ActiveCfg = Debug|Any CPU
		{F4592864-EC11-4E47-A464-D718EEFCB4F2}.Debug|Any CPU.Build.0 = Debug|Any CPU
		{F4592864-EC11-4E47-A464-D718EEFCB4F2}.Release|Any CPU.ActiveCfg = Release|Any CPU
		{F4592864-EC11-4E47-A464-D718EEFCB4F2}.Release|Any CPU.Build.0 = Release|Any CPU
		{2389358E-77C3-488C-9C01-4F3A55B2D668}.Debug|Any CPU.ActiveCfg = Debug|Any CPU
		{2389358E-77C3-488C-9C01-4F3A55B2D668}.Debug|Any CPU.Build.0 = Debug|Any CPU
		{2389358E-77C3-488C-9C01-4F3A55B2D668}.Release|Any CPU.ActiveCfg = Release|Any CPU
		{2389358E-77C3-488C-9C01-4F3A55B2D668}.Release|Any CPU.Build.0 = Release|Any CPU
		{4475F13A-0108-4E35-B595-9797ECC3636F}.Debug|Any CPU.ActiveCfg = Debug|Any CPU
		{4475F13A-0108-4E35-B595-9797ECC3636F}.Debug|Any CPU.Build.0 = Debug|Any CPU
		{4475F13A-0108-4E35-B595-9797ECC3636F}.Release|Any CPU.ActiveCfg = Release|Any CPU
		{4475F13A-0108-4E35-B595-9797ECC3636F}.Release|Any CPU.Build.0 = Release|Any CPU
		{9EEE453E-DFBB-4C0D-A5A2-0CC9199072C2}.Debug|Any CPU.ActiveCfg = Debug|Any CPU
		{9EEE453E-DFBB-4C0D-A5A2-0CC9199072C2}.Debug|Any CPU.Build.0 = Debug|Any CPU
		{9EEE453E-DFBB-4C0D-A5A2-0CC9199072C2}.Release|Any CPU.ActiveCfg = Release|Any CPU
		{9EEE453E-DFBB-4C0D-A5A2-0CC9199072C2}.Release|Any CPU.Build.0 = Release|Any CPU
		{A72687A7-158B-4BA9-B747-E5039F76C591}.Debug|Any CPU.ActiveCfg = Debug|Any CPU
		{A72687A7-158B-4BA9-B747-E5039F76C591}.Debug|Any CPU.Build.0 = Debug|Any CPU
		{A72687A7-158B-4BA9-B747-E5039F76C591}.Release|Any CPU.ActiveCfg = Release|Any CPU
		{A72687A7-158B-4BA9-B747-E5039F76C591}.Release|Any CPU.Build.0 = Release|Any CPU
	EndGlobalSection
	GlobalSection(SolutionProperties) = preSolution
		HideSolutionNode = FALSE
	EndGlobalSection
	GlobalSection(NestedProjects) = preSolution
		{13FA2589-561C-4C0E-BC5B-921712B4DAAB} = {5E150EB3-B9EA-4BC8-BF44-4293F4A284F7}
		{939995C0-9E81-4EA2-BEFB-D631F7F63B00} = {5E150EB3-B9EA-4BC8-BF44-4293F4A284F7}
		{52B3E8A7-1441-4367-88E3-0A63E3396B46} = {5E150EB3-B9EA-4BC8-BF44-4293F4A284F7}
		{1CCE12C9-8060-48D1-BB52-0121605AC2E7} = {5E150EB3-B9EA-4BC8-BF44-4293F4A284F7}
		{49A10C72-D2C2-4B44-9E38-2AD703FDA670} = {8D16ADB2-DC72-4F3C-9F09-9270DA8ACC39}
		{04D570BF-B06F-4680-A440-A297D5240737} = {8D16ADB2-DC72-4F3C-9F09-9270DA8ACC39}
		{F4592864-EC11-4E47-A464-D718EEFCB4F2} = {8D16ADB2-DC72-4F3C-9F09-9270DA8ACC39}
		{2389358E-77C3-488C-9C01-4F3A55B2D668} = {8D16ADB2-DC72-4F3C-9F09-9270DA8ACC39}
		{4475F13A-0108-4E35-B595-9797ECC3636F} = {8D16ADB2-DC72-4F3C-9F09-9270DA8ACC39}
		{9EEE453E-DFBB-4C0D-A5A2-0CC9199072C2} = {8D16ADB2-DC72-4F3C-9F09-9270DA8ACC39}
		{A72687A7-158B-4BA9-B747-E5039F76C591} = {8D16ADB2-DC72-4F3C-9F09-9270DA8ACC39}
	EndGlobalSection
EndGlobal
